# This file is autogenerated, do not edit; changes may be undone by the next 'dep ensure'.


[[projects]]
  digest = "1:0deddd908b6b4b768cfc272c16ee61e7088a60f7fe2f06c547bd3d8e1f8b8e77"
  name = "github.com/davecgh/go-spew"
  packages = ["spew"]
  pruneopts = ""
  revision = "8991bc29aa16c548c550c7ff78260e27b9ab7c73"
  version = "v1.1.1"

[[projects]]
  digest = "1:e692d16fdfbddb94e9e4886aaf6c08bdbae5cb4ac80651445de9181b371c6e46"
  name = "github.com/go-sql-driver/mysql"
  packages = ["."]
  pruneopts = ""
  revision = "72cd26f257d44c1114970e19afddcd812016007e"
  version = "v1.4.1"

[[projects]]
  digest = "1:4611e727460d3634059cbe6e0a4799aaeb426ef8150e3b26056c83e1106831c4"
  name = "github.com/jmoiron/sqlx"
  packages = [
    ".",
    "reflectx",
  ]
  pruneopts = ""
  revision = "d161d7a76b5661016ad0b085869f77fd410f3e6a"
  version = "v1.2.0"

[[projects]]
  branch = "master"
  digest = "1:2c5ad58492804c40bdaf5d92039b0cde8b5becd2b7feeb37d7d1cc36a8aa8dbe"
  name = "github.com/kardianos/osext"
  packages = ["."]
  pruneopts = ""
  revision = "ae77be60afb1dcacde03767a8c37337fad28ac14"

[[projects]]
  digest = "1:29145d7af4adafd72a79df5e41456ac9e232d5a28c1cd4dacf3ff008a217fc10"
  name = "github.com/lib/pq"
  packages = [
    ".",
    "oid",
  ]
  pruneopts = ""
  revision = "4ded0e9383f75c197b3a2aaa6d590ac52df6fd79"
  version = "v1.0.0"

[[projects]]
  digest = "1:256484dbbcd271f9ecebc6795b2df8cad4c458dd0f5fd82a8c2fa0c29f233411"
  name = "github.com/pmezard/go-difflib"
  packages = ["difflib"]
  pruneopts = ""
  revision = "792786c7400a136282c1664665ae0a8db921c6c2"
  version = "v1.0.0"

[[projects]]
  digest = "1:381bcbeb112a51493d9d998bbba207a529c73dbb49b3fd789e48c63fac1f192c"
  name = "github.com/stretchr/testify"
  packages = [
    "assert",
    "require",
  ]
  pruneopts = ""
  revision = "ffdc059bfe9ce6a4e144ba849dbedead332c6053"
  version = "v1.3.0"

[[projects]]
  branch = "master"
  digest = "1:971de79e43b9c8a1416ba69d4ddef2ceccf441f134c5f4b1575f7df7e3dde86b"
  name = "github.com/tsaikd/KDGoLib"
  packages = [
    "cliutil/cmder",
    "enumutil",
    "errutil",
    "futil",
    "jsonex",
    "runtimecaller",
    "sqlutil",
    "sqlutil/dbtypes",
    "testutil/requireutil",
    "version",
  ]
  pruneopts = ""
  revision = "9f98a0557044734a45d87e4be40f4ed7f6df8887"

[[projects]]
  digest = "1:e4c05a62607bc26760ed68fe3e25e48824c222370f1e59296983a1646d8f4518"
  name = "github.com/tsaikd/yaml"
  packages = ["."]
  pruneopts = ""
  revision = "3ebd4735b5cc9864717985e82fba365338b9e8cd"

[[projects]]
  digest = "1:bc09e719c4e2a15d17163f5272d9a3131c45d77542b7fdc53ff518815bc19ab3"
  name = "google.golang.org/appengine"
  packages = ["cloudsql"]
  pruneopts = ""
  revision = "e9657d882bb81064595ca3b56cbe2546bbabf7b1"
  version = "v1.4.0"

[[projects]]
  branch = "v2"
  digest = "1:eaef15d38dc2b0f15ecce8d3aff44bd0301ce7e6574e935446e6a7d629546669"
  name = "gopkg.in/urfave/cli.v2"
  packages = ["."]
  pruneopts = ""
  revision = "d3ae77c26ac8db90639677e4831a728d33c36111"

[solve-meta]
  analyzer-name = "dep"
  analyzer-version = 1
  input-imports = [
    "github.com/stretchr/testify/assert",
    "github.com/stretchr/testify/require",
    "github.com/tsaikd/KDGoLib/cliutil/cmder",
    "github.com/tsaikd/KDGoLib/enumutil",
    "github.com/tsaikd/KDGoLib/errutil",
    "github.com/tsaikd/KDGoLib/futil",
    "github.com/tsaikd/KDGoLib/jsonex",
    "github.com/tsaikd/KDGoLib/testutil/requireutil",
    "github.com/tsaikd/KDGoLib/version",
    "github.com/tsaikd/yaml",
    "gopkg.in/urfave/cli.v2",
  ]
  solver-name = "gps-cdcl"
  solver-version = 1
