# This file is autogenerated, do not edit; changes may be undone by the next 'dep ensure'.


[[projects]]
  name = "github.com/davecgh/go-spew"
  packages = ["spew"]
  revision = "346938d642f2ec3594ed81d874461961cd0faa76"
  version = "v1.1.0"

[[projects]]
  branch = "master"
  name = "github.com/jmoiron/sqlx"
  packages = [".","reflectx"]
  revision = "3379e5993990b1f927fc8db926485e6f6becf2d2"

[[projects]]
  branch = "master"
  name = "github.com/kardianos/osext"
  packages = ["."]
  revision = "ae77be60afb1dcacde03767a8c37337fad28ac14"

[[projects]]
  branch = "master"
  name = "github.com/lib/pq"
  packages = [".","oid"]
  revision = "8c6ee72f3e6bcb1542298dd5f76cb74af9742cec"

[[projects]]
  name = "github.com/pmezard/go-difflib"
  packages = ["difflib"]
  revision = "792786c7400a136282c1664665ae0a8db921c6c2"
  version = "v1.0.0"

[[projects]]
  name = "github.com/stretchr/testify"
  packages = ["assert","require"]
  revision = "69483b4bd14f5845b5a1e55bca19e954e827f1d0"
  version = "v1.1.4"

[[projects]]
  branch = "master"
  name = "github.com/tsaikd/KDGoLib"
  packages = ["cliutil/cmder","enumutil","errutil","futil","jsonex","runtimecaller","sqlutil","sqlutil/dbtypes","testutil/requireutil","version"]
  revision = "1949c3260164f4b9ba68794ecfa9fc28e4481239"

[[projects]]
  branch = "master"
  name = "github.com/tsaikd/yaml"
  packages = ["."]
  revision = "264768fb3e262fed98fdc50a3649f3192e00d0b6"

[[projects]]
  branch = "v2"
  name = "gopkg.in/urfave/cli.v2"
  packages = ["."]
  revision = "b2bf3c5abeb90da407891aecd1df2c5a1f6170c1"

[solve-meta]
  analyzer-name = "dep"
  analyzer-version = 1
  inputs-digest = "3b68dc29bb9cb0235365cf11cc870d92091b6bcd2b57175256f4f6df2f36d99c"
  solver-name = "gps-cdcl"
  solver-version = 1
